{
  "name": "goldpass",
  "version": "0.0.0",
  "lockfileVersion": 1,
  "requires": true,
  "dependencies": {
    "@angular/animations": {
      "version": "5.2.11",
      "resolved": "https://registry.npmjs.org/@angular/animations/-/animations-5.2.11.tgz",
      "integrity": "sha512-J7wKHkFn3wV28/Y1Qm4yjGXVCwXzj1JR5DRjGDTFnxTRacUFx7Nj0ApGhN0b2+V0NOvgxQOvEW415Y22kGoblw=="
    },
    "@angular/cli": {
      "version": "1.7.4",
      "resolved": "https://registry.npmjs.org/@angular/cli/-/cli-1.7.4.tgz",
      "integrity": "sha512-URdb1QtnQf+Ievy93wjq7gE81s25BkWUwJFPey+YkphBA3G1lbCAQPiEh2pntBwaIKavgEuCw+Sf2YZdgTVhDA==",
      "dev": true
    },
    "@angular/common": {
      "version": "5.2.11",
      "resolved": "https://registry.npmjs.org/@angular/common/-/common-5.2.11.tgz",
      "integrity": "sha512-LniJjGAeftUJDJh+2+LEjltcGen08C/VMxQ/eUYmesytKy1sN+MWzh3GbpKfEWtWmyUsYTG9lAAJNo3L3jPwsw=="
    },
    "@angular/compiler": {
      "version": "5.2.11",
      "resolved": "https://registry.npmjs.org/@angular/compiler/-/compiler-5.2.11.tgz",
      "integrity": "sha512-ICvB1ud1mxaXUYLb8vhJqiLhGBVocAZGxoHTglv6hMkbrRYcnlB3FZJFOzBvtj+krkd1jamoYLI43UAmesqQ6Q=="
    },
    "@angular/compiler-cli": {
      "version": "5.2.11",
      "resolved": "https://registry.npmjs.org/@angular/compiler-cli/-/compiler-cli-5.2.11.tgz",
      "integrity": "sha512-dwrQ0yxoCM/XzKzlm7pTsyg4/6ECjT9emZufGj8t12bLMO8NDn1IJOsqXJA1+onEgQKhlr0Ziwi+96TvDTb1Cg==",
      "dev": true,
      "dependencies": {
        "anymatch": {
          "version": "1.3.2",
          "resolved": "https://registry.npmjs.org/anymatch/-/anymatch-1.3.2.tgz",
          "integrity": "sha1-VT3Lj5HjyImEXf26NMd3IbkLnXo="
        },
        "arr-diff": {
          "version": "2.0.0",
          "resolved": "https://registry.npmjs.org/arr-diff/-/arr-diff-2.0.0.tgz",
          "integrity": "sha1-jzuCf5Vai9ZpaX5KQlasPOrjVs8="
        },
        "array-unique": {
          "version": "0.2.1",
          "resolved": "https://registry.npmjs.org/array-unique/-/array-unique-0.2.1.tgz",
          "integrity": "sha1-odl8yvy8JiXMcPrc6zalDFiwGlM="
        },
        "braces": {
          "version": "1.8.5",
          "resolved": "https://registry.npmjs.org/braces/-/braces-1.8.5.tgz",
          "integrity": "sha1-uneWLhLf+WnWt2cR6RS3N4V79qc="
        },
        "chokidar": {
          "version": "1.7.0",
          "resolved": "https://registry.npmjs.org/chokidar/-/chokidar-1.7.0.tgz",
          "integrity": "sha1-eY5ol3gVHIB2tLNg5e3SjNortGg="
        },
        "expand-brackets": {
          "version": "0.1.5",
          "resolved": "https://registry.npmjs.org/expand-brackets/-/expand-brackets-0.1.5.tgz",
          "integrity": "sha1-3wcoTjQqgHzXM6xa9yQR5YHRF3s="
        },
        "extglob": {
          "version": "0.3.2",
          "resolved": "https://registry.npmjs.org/extglob/-/extglob-0.3.2.tgz",
          "integrity": "sha1-Lhj/PS9JqydlzskCPwEdqo2DSaE="
        },
        "glob-parent": {
          "version": "2.0.0",
          "resolved": "https://registry.npmjs.org/glob-parent/-/glob-parent-2.0.0.tgz",
          "integrity": "sha1-gTg9ctsFT8zPUzbaqQLxgvbtuyg="
        },
        "is-extglob": {
          "version": "1.0.0",
          "resolved": "https://registry.npmjs.org/is-extglob/-/is-extglob-1.0.0.tgz",
          "integrity": "sha1-rEaBd8SUNAWgkvyPKXYMb/xiBsA="
        },
        "is-glob": {
          "version": "2.0.1",
          "resolved": "https://registry.npmjs.org/is-glob/-/is-glob-2.0.1.tgz",
          "integrity": "sha1-0Jb5JqPe1WAPP9/ZEZjLCIjC2GM="
        },
        "kind-of": {
          "version": "3.2.2",
          "resolved": "https://registry.npmjs.org/kind-of/-/kind-of-3.2.2.tgz",
          "integrity": "sha1-MeohpzS6ubuw8yRm2JOupR5KPGQ="
        },
        "micromatch": {
          "version": "2.3.11",
          "resolved": "https://registry.npmjs.org/micromatch/-/micromatch-2.3.11.tgz",
          "integrity": "sha1-hmd8l9FyCzY0MdBNDRUpO9OMFWU="
        },
        "minimist": {
          "version": "1.2.0",
          "resolved": "https://registry.npmjs.org/minimist/-/minimist-1.2.0.tgz",
          "integrity": "sha1-o1AIsg9BOD7sH7kU9M1d95omQoQ="
        }
      }
    },
    "@angular/core": {
      "version": "5.2.11",
      "resolved": "https://registry.npmjs.org/@angular/core/-/core-5.2.11.tgz",
      "integrity": "sha512-h2vpvXNAdOqKzbVaZcHnHGMT5A8uDnizk6FgGq6SPyw9s3d+/VxZ9LJaPjUk3g2lICA7og1tUel+2YfF971MlQ=="
    },
    "@angular/forms": {
      "version": "5.2.11",
      "resolved": "https://registry.npmjs.org/@angular/forms/-/forms-5.2.11.tgz",
      "integrity": "sha512-wBllFlIubPclAFRXUc84Kc7TMeKOftzrQraVZ7ooTNeFLLa/FZLN2K8HGyRde8X/XDsMu1XAmjNfkz++spwTzA=="
    },
    "@angular/http": {
      "version": "5.2.11",
      "resolved": "https://registry.npmjs.org/@angular/http/-/http-5.2.11.tgz",
      "integrity": "sha512-eR7wNXh1+6MpcQNb3sq4bJVX03dx50Wl3kpPG+Q7N1VSL0oPQSobaTrR17ac3oFCEfSJn6kkUCqtUXha6wcNHg=="
    },
    "@angular/language-service": {
      "version": "5.2.11",
      "resolved": "https://registry.npmjs.org/@angular/language-service/-/language-service-5.2.11.tgz",
      "integrity": "sha512-tgnFAhwBmUs1W0dmcmlBmUlMaOgkoyuSdrcF23lz8W5+nSLb+LnbH5a3blU2NVqA4ESvLKQkPW5dpKa/LuhrPQ==",
      "dev": true
    },
    "@angular/platform-browser": {
      "version": "5.2.11",
      "resolved": "https://registry.npmjs.org/@angular/platform-browser/-/platform-browser-5.2.11.tgz",
      "integrity": "sha512-6YZ4IpBFqXx88vEzBZG2WWnaSYXbFWDgG0iT+bZPHAfwsbmqbcMcs7Ogu+XZ4VmK02dTqbrFh7U4P2W+sqrzow=="
    },
    "@angular/platform-browser-dynamic": {
      "version": "5.2.11",
      "resolved": "https://registry.npmjs.org/@angular/platform-browser-dynamic/-/platform-browser-dynamic-5.2.11.tgz",
      "integrity": "sha512-5kKPNULcXNwkyBjpHfF+pq+Yxi8Zl866YSOK9t8txoiQ9Ctw97kMkEJcTetk6MJgBp/NP3YyjtoTAm8oXLerug=="
    },
    "@angular/router": {
      "version": "5.2.11",
      "resolved": "https://registry.npmjs.org/@angular/router/-/router-5.2.11.tgz",
      "integrity": "sha512-NT8xYl7Vr3qPygisek3PlXqNROEjg48GXOEsDEc7c8lDBo3EB9Tf328fWJD0GbLtXZNhmmNNxwIe+qqPFFhFAA=="
    },
    "@types/jasmine": {
      "version": "2.5.54",
      "resolved": "https://registry.npmjs.org/@types/jasmine/-/jasmine-2.5.54.tgz",
      "integrity": "sha1-prXyrir7bgMHd06MfGCOA31JHGM=",
      "dev": true
    },
    "@types/jasminewd2": {
      "version": "2.0.3",
      "resolved": "https://registry.npmjs.org/@types/jasminewd2/-/jasminewd2-2.0.3.tgz",
      "integrity": "sha1-DSiGsMva5MDuulXjB5L1hL8ECpU=",
      "dev": true
    },
    "@types/node": {
      "version": "6.0.114",
      "resolved": "https://registry.npmjs.org/@types/node/-/node-6.0.114.tgz",
      "integrity": "sha512-5ViC9dwf1VIAtrOFTvOuN04lJgw28eKjuy0Vg2Bd/fSlxKP2feCSkIw04ZgOENL2ywdWrtbkthp1XVLEjJmouw==",
      "dev": true
    },
    "angular-async-local-storage": {
      "version": "3.1.4",
      "resolved": "https://registry.npmjs.org/angular-async-local-storage/-/angular-async-local-storage-3.1.4.tgz",
      "integrity": "sha512-uAaAeCgMX/oqbrtr5vHbsMlc9/hWuyuhOsQxUSoQgz4uZE7UwOnrUq3UjRn5q8DnFrCE+BkqHi3IAkDVcn0Tug=="
    },
    "angular2-jwt": {
      "version": "0.2.3",
      "resolved": "https://registry.npmjs.org/angular2-jwt/-/angular2-jwt-0.2.3.tgz",
      "integrity": "sha1-VO/do87tuoX2o3sWXyKsIrit8CE="
    },
    "angular2-text-mask": {
      "version": "8.0.5",
      "resolved": "https://registry.npmjs.org/angular2-text-mask/-/angular2-text-mask-8.0.5.tgz",
      "integrity": "sha512-s6fqiQtIa16v0FzMhk1Y5LApAoq/0okKwtyCW70/UkHbRdRkN/uHa2LplX7F/SyTJFsYZJTRzH8IlpaMbQcccw=="
    },
    "codelyzer": {
      "version": "3.2.2",
      "resolved": "https://registry.npmjs.org/codelyzer/-/codelyzer-3.2.2.tgz",
      "integrity": "sha1-q71OWVbENWd3QIRuWFjJFfiWecM=",
      "dev": true
    },
    "core-js": {
      "version": "2.5.7",
      "resolved": "https://registry.npmjs.org/core-js/-/core-js-2.5.7.tgz",
      "integrity": "sha512-RszJCAxg/PP6uzXVXL6BsxSXx/B05oJAQ2vkJRjyjrEcNVycaqOmNb5OTxZPE3xa5gwZduqza6L9JOCenh/Ecw=="
    },
    "jasmine-core": {
      "version": "2.6.4",
      "resolved": "https://registry.npmjs.org/jasmine-core/-/jasmine-core-2.6.4.tgz",
      "integrity": "sha1-3skmzQqfoof7bbXHVfpIfnTOysU=",
      "dev": true
    },
    "jasmine-spec-reporter": {
      "version": "4.1.1",
      "resolved": "https://registry.npmjs.org/jasmine-spec-reporter/-/jasmine-spec-reporter-4.1.1.tgz",
      "integrity": "sha1-Wm1Yq11hvqcwn7wnkjlRF1axtYg=",
      "dev": true
    },
    "karma": {
      "version": "1.7.1",
      "resolved": "https://registry.npmjs.org/karma/-/karma-1.7.1.tgz",
      "integrity": "sha1-hcwI6eCiLXzpzKN8ShvoJPaisa4=",
      "dev": true,
      "dependencies": {
        "anymatch": {
          "version": "1.3.2",
          "resolved": "https://registry.npmjs.org/anymatch/-/anymatch-1.3.2.tgz",
          "integrity": "sha1-VT3Lj5HjyImEXf26NMd3IbkLnXo="
        },
        "arr-diff": {
          "version": "2.0.0",
          "resolved": "https://registry.npmjs.org/arr-diff/-/arr-diff-2.0.0.tgz",
          "integrity": "sha1-jzuCf5Vai9ZpaX5KQlasPOrjVs8="
        },
        "array-unique": {
          "version": "0.2.1",
          "resolved": "https://registry.npmjs.org/array-unique/-/array-unique-0.2.1.tgz",
          "integrity": "sha1-odl8yvy8JiXMcPrc6zalDFiwGlM="
        },
        "braces": {
          "version": "1.8.5",
          "resolved": "https://registry.npmjs.org/braces/-/braces-1.8.5.tgz",
          "integrity": "sha1-uneWLhLf+WnWt2cR6RS3N4V79qc="
        },
        "chokidar": {
          "version": "1.7.0",
          "resolved": "https://registry.npmjs.org/chokidar/-/chokidar-1.7.0.tgz",
          "integrity": "sha1-eY5ol3gVHIB2tLNg5e3SjNortGg="
        },
        "expand-brackets": {
          "version": "0.1.5",
          "resolved": "https://registry.npmjs.org/expand-brackets/-/expand-brackets-0.1.5.tgz",
          "integrity": "sha1-3wcoTjQqgHzXM6xa9yQR5YHRF3s="
        },
        "extglob": {
          "version": "0.3.2",
          "resolved": "https://registry.npmjs.org/extglob/-/extglob-0.3.2.tgz",
          "integrity": "sha1-Lhj/PS9JqydlzskCPwEdqo2DSaE="
        },
        "glob-parent": {
          "version": "2.0.0",
          "resolved": "https://registry.npmjs.org/glob-parent/-/glob-parent-2.0.0.tgz",
          "integrity": "sha1-gTg9ctsFT8zPUzbaqQLxgvbtuyg="
        },
        "is-extglob": {
          "version": "1.0.0",
          "resolved": "https://registry.npmjs.org/is-extglob/-/is-extglob-1.0.0.tgz",
          "integrity": "sha1-rEaBd8SUNAWgkvyPKXYMb/xiBsA="
        },
        "is-glob": {
          "version": "2.0.1",
          "resolved": "https://registry.npmjs.org/is-glob/-/is-glob-2.0.1.tgz",
          "integrity": "sha1-0Jb5JqPe1WAPP9/ZEZjLCIjC2GM="
        },
        "kind-of": {
          "version": "3.2.2",
          "resolved": "https://registry.npmjs.org/kind-of/-/kind-of-3.2.2.tgz",
          "integrity": "sha1-MeohpzS6ubuw8yRm2JOupR5KPGQ="
        },
        "lodash": {
          "version": "3.10.1",
          "resolved": "https://registry.npmjs.org/lodash/-/lodash-3.10.1.tgz",
          "integrity": "sha1-W/Rejkm6QYnhfUgnid/RW9FAt7Y="
        },
        "micromatch": {
          "version": "2.3.11",
          "resolved": "https://registry.npmjs.org/micromatch/-/micromatch-2.3.11.tgz",
          "integrity": "sha1-hmd8l9FyCzY0MdBNDRUpO9OMFWU="
        },
        "optimist": {
          "version": "0.6.1",
          "resolved": "https://registry.npmjs.org/optimist/-/optimist-0.6.1.tgz",
          "integrity": "sha1-2j6nRob6IaGaERwybpDrFaAZZoY="
        }
      }
    },
    "karma-chrome-launcher": {
      "version": "2.1.1",
      "resolved": "https://registry.npmjs.org/karma-chrome-launcher/-/karma-chrome-launcher-2.1.1.tgz",
      "integrity": "sha1-IWh5xorATY1RQOmWGboEtZr9Rs8=",
      "dev": true
    },
    "karma-cli": {
      "version": "1.0.1",
      "resolved": "https://registry.npmjs.org/karma-cli/-/karma-cli-1.0.1.tgz",
      "integrity": "sha1-rmw8WKMTodALRRZMRVubhs4X+WA=",
      "dev": true
    },
    "karma-coverage-istanbul-reporter": {
      "version": "1.4.3",
      "resolved": "https://registry.npmjs.org/karma-coverage-istanbul-reporter/-/karma-coverage-istanbul-reporter-1.4.3.tgz",
      "integrity": "sha1-O13/RmT6W41RlrmInj9hwforgNk=",
      "dev": true
    },
    "karma-jasmine": {
      "version": "1.1.2",
      "resolved": "https://registry.npmjs.org/karma-jasmine/-/karma-jasmine-1.1.2.tgz",
      "integrity": "sha1-OU8rJf+0pkS5rabyLUQ+L9CIhsM=",
      "dev": true
    },
    "karma-jasmine-html-reporter": {
      "version": "0.2.2",
      "resolved": "https://registry.npmjs.org/karma-jasmine-html-reporter/-/karma-jasmine-html-reporter-0.2.2.tgz",
      "integrity": "sha1-SKjl7xiAdhfuK14zwRlMNbQ5Ukw=",
      "dev": true
    },
    "moment": {
      "version": "2.29.2",
      "resolved": "https://registry.npmjs.org/moment/-/moment-2.29.2.tgz",
      "integrity": "sha512-UgzG4rvxYpN15jgCmVJwac49h9ly9NurikMWGPdVxm8GZD6XjkKPxDTjQQ43gtGgnV3X0cAyWDdP2Wexoquifg=="
    },
    "ng-http-interceptor": {
      "version": "4.0.0",
      "resolved": "https://registry.npmjs.org/ng-http-interceptor/-/ng-http-interceptor-4.0.0.tgz",
      "integrity": "sha1-XCQt0YrsIV9W4T2H5kusxY/AEFM="
    },
    "ng-lazyload-image": {
      "version": "4.0.0",
      "resolved": "https://registry.npmjs.org/ng-lazyload-image/-/ng-lazyload-image-4.0.0.tgz",
      "integrity": "sha512-D2d+kfVRoapP1arFnResQGcQgYs2zrMmQTY46kBeuCvXYOvnZFCTZDItW/ub7UDcaUgRtT1yQbeqy3mmqb+ssg=="
    },
    "ng-simple-slideshow": {
      "version": "1.2.3",
      "resolved": "https://registry.npmjs.org/ng-simple-slideshow/-/ng-simple-slideshow-1.2.3.tgz",
      "integrity": "sha512-Ymv9pviYSONebnWVp8civu37tMHxLPRnHEicMt4L7WcVX/Mr+oA7f9xrOq8RrQ3e0ZEVdej2GrgyPrfx+LE0dw=="
    },
    "ng2-truncate": {
      "version": "1.3.17",
      "resolved": "https://registry.npmjs.org/ng2-truncate/-/ng2-truncate-1.3.17.tgz",
      "integrity": "sha512-VnydH87YQdT+voMTZEPhWsaMXmkqHJzW7xZZDfmpy0ERcskhZQINELwolCxShye2x8nsZyiv73XC2xFlsL1USw=="
    },
    "ng2-validation": {
      "version": "4.2.0",
      "resolved": "https://registry.npmjs.org/ng2-validation/-/ng2-validation-4.2.0.tgz",
      "integrity": "sha1-841EHT+36GIVUWZIAEWq/5rRHbs="
    },
    "ng4-geoautocomplete": {
      "version": "0.1.0",
      "resolved": "https://registry.npmjs.org/ng4-geoautocomplete/-/ng4-geoautocomplete-0.1.0.tgz",
      "integrity": "sha1-9g5Oj/T/elBOVQv8vViXho+QxIY="
    },
    "ng4-loading-spinner": {
      "version": "1.1.3",
      "resolved": "https://registry.npmjs.org/ng4-loading-spinner/-/ng4-loading-spinner-1.1.3.tgz",
      "integrity": "sha1-zmOrLRJFJBSypA9qX/mhbEcos0k="
    },
    "ng4-validators": {
      "version": "5.1.0",
      "resolved": "https://registry.npmjs.org/ng4-validators/-/ng4-validators-5.1.0.tgz",
      "integrity": "sha1-Zzi8TvOw7+puc9soiB6ZtGyIcR8="
    },
    "ngx-image-cropper": {
      "version": "0.2.8",
      "resolved": "https://registry.npmjs.org/ngx-image-cropper/-/ngx-image-cropper-0.2.8.tgz",
      "integrity": "sha512-+wOzx4QZUbGWV1oNnKdc+EiXKHHgLi0PcK7tdr9UcjEXp5KL4R/MredPnxUTWfu7BEDEuAIZ34GfkWeYT6D2gw=="
    },
    "ngx-infinite-scroll": {
      "version": "0.8.4",
      "resolved": "https://registry.npmjs.org/ngx-infinite-scroll/-/ngx-infinite-scroll-0.8.4.tgz",
      "integrity": "sha512-pXNYQiOKONOEQZeHAbUoyB0cru7e57B6fEW1hRd+pUKSNpzj3jM67Xww7rMEIl+ESgJvW7dJ72iR8S7F7YludQ=="
    },
    "ngx-loading": {
      "version": "1.0.14",
      "resolved": "https://registry.npmjs.org/ngx-loading/-/ngx-loading-1.0.14.tgz",
      "integrity": "sha1-GXWMM+o/qbuW3KH0DKGdTYa4BCw="
    },
    "ngx-rating": {
      "version": "0.0.9",
      "resolved": "https://registry.npmjs.org/ngx-rating/-/ngx-rating-0.0.9.tgz",
      "integrity": "sha1-HGc9bll2QuQw+YAGS+hXFmOw/BY="
    },
    "protractor": {
      "version": "5.1.2",
      "resolved": "https://registry.npmjs.org/protractor/-/protractor-5.1.2.tgz",
      "integrity": "sha1-myIXQXCaTGLVzVPGqt1UpxE36V8=",
      "dev": true,
      "dependencies": {
        "ansi-styles": {
          "version": "2.2.1",
          "resolved": "https://registry.npmjs.org/ansi-styles/-/ansi-styles-2.2.1.tgz",
          "integrity": "sha1-tDLdM1i2NM914eRmQ2gkBTPB3b4="
        },
        "chalk": {
          "version": "1.1.3",
          "resolved": "https://registry.npmjs.org/chalk/-/chalk-1.1.3.tgz",
          "integrity": "sha1-qBFcVeSnAv5NFQq9OHKCKn4J/Jg="
        },
        "del": {
          "version": "2.2.2",
          "resolved": "https://registry.npmjs.org/del/-/del-2.2.2.tgz",
          "integrity": "sha1-wSyYHQZ4RshLyvhiz/kw2Qf/0ag="
        },
        "globby": {
          "version": "5.0.0",
          "resolved": "https://registry.npmjs.org/globby/-/globby-5.0.0.tgz",
          "integrity": "sha1-69hGZ8oNuzMLmbz8aOrCvFQ3Dg0="
        },
        "optimist": {
          "version": "0.6.1",
          "resolved": "https://registry.npmjs.org/optimist/-/optimist-0.6.1.tgz",
          "integrity": "sha1-2j6nRob6IaGaERwybpDrFaAZZoY="
        },
        "pify": {
          "version": "2.3.0",
          "resolved": "https://registry.npmjs.org/pify/-/pify-2.3.0.tgz",
          "integrity": "sha1-7RQaasBDqEnqWISY59yosVMw6Qw="
        },
        "q": {
          "version": "1.4.1",
          "resolved": "https://registry.npmjs.org/q/-/q-1.4.1.tgz",
          "integrity": "sha1-VXBbzZPF82c1MMLCy8DCs63cKG4="
        },
        "supports-color": {
          "version": "2.0.0",
          "resolved": "https://registry.npmjs.org/supports-color/-/supports-color-2.0.0.tgz",
          "integrity": "sha1-U10EXOa2Nj+kARcIRimZXp3zJMc="
        },
        "webdriver-manager": {
          "version": "12.0.6",
          "resolved": "https://registry.npmjs.org/webdriver-manager/-/webdriver-manager-12.0.6.tgz",
          "integrity": "sha1-PfGkgZdwELTL+MnYXHpXeCjA5ws=",
          "dependencies": {
            "minimist": {
              "version": "1.2.0",
              "resolved": "https://registry.npmjs.org/minimist/-/minimist-1.2.0.tgz",
              "integrity": "sha1-o1AIsg9BOD7sH7kU9M1d95omQoQ="
            }
          }
        }
      }
    },
    "rxjs": {
      "version": "5.5.11",
      "resolved": "https://registry.npmjs.org/rxjs/-/rxjs-5.5.11.tgz",
      "integrity": "sha512-3bjO7UwWfA2CV7lmwYMBzj4fQ6Cq+ftHc2MvUe+WMS7wcdJ1LosDWmdjPQanYp2dBRj572p7PeU81JUxHKOcBA=="
    },
    "ts-node": {
      "version": "3.2.2",
      "resolved": "https://registry.npmjs.org/ts-node/-/ts-node-3.2.2.tgz",
      "integrity": "sha1-u9KOOK9Kqj6WB2xGbhsiAZfBo84=",
      "dev": true,
      "dependencies": {
        "minimist": {
          "version": "1.2.0",
          "resolved": "https://registry.npmjs.org/minimist/-/minimist-1.2.0.tgz",
          "integrity": "sha1-o1AIsg9BOD7sH7kU9M1d95omQoQ="
        }
      }
    },
    "tslint": {
      "version": "5.7.0",
      "resolved": "https://registry.npmjs.org/tslint/-/tslint-5.7.0.tgz",
      "integrity": "sha1-wl4NDJL6EgHCvDDoROCOaCtPNVI=",
      "dev": true
    },
    "typescript": {
      "version": "2.4.2",
      "resolved": "https://registry.npmjs.org/typescript/-/typescript-2.4.2.tgz",
      "integrity": "sha1-+DlfhdRZJ2BnyYiqQYN6j4KHCEQ=",
      "dev": true
    },
    "zone.js": {
      "version": "0.8.26",
      "resolved": "https://registry.npmjs.org/zone.js/-/zone.js-0.8.26.tgz",
      "integrity": "sha512-W9Nj+UmBJG251wkCacIkETgra4QgBo/vgoEkb4a2uoLzpQG7qF9nzwoLXWU5xj3Fg2mxGvEDh47mg24vXccYjA=="
    }
  }
}
